
Microsoft Visual Studio Solution File, Format Version 12.00
# Visual Studio Version 16
VisualStudioVersion = 16.0.30104.148
MinimumVisualStudioVersion = 10.0.40219.1
Project("{9A19103F-16F7-4668-BE54-9A1E7A4F7556}") = "20200522", "20200522.csproj", "{53926CDE-F232-46CE-A185-5A71924B2D98}"
EndProject
Global
	GlobalSection(SolutionConfigurationPlatforms) = preSolution
		Debug|Any CPU = Debug|Any CPU
		Release|Any CPU = Release|Any CPU
	EndGlobalSection
	GlobalSection(ProjectConfigurationPlatforms) = postSolution
		{53926CDE-F232-46CE-A185-5A71924B2D98}.Debug|Any CPU.ActiveCfg = Debug|Any CPU
		{53926CDE-F232-46CE-A185-5A71924B2D98}.Debug|Any CPU.Build.0 = Debug|Any CPU
		{53926CDE-F232-46CE-A185-5A71924B2D98}.Release|Any CPU.ActiveCfg = Release|Any CPU
		{53926CDE-F232-46CE-A185-5A71924B2D98}.Release|Any CPU.Build.0 = Release|Any CPU
	EndGlobalSection
	GlobalSection(SolutionProperties) = preSolution
		HideSolutionNode = FALSE
	EndGlobalSection
	GlobalSection(ExtensibilityGlobals) = postSolution
		SolutionGuid = {EA0920B1-4F01-4099-B582-E18240506924}
	EndGlobalSection
EndGlobal
